
Microsoft Visual Studio Solution File, Format Version 12.00
# Visual Studio Version 16
VisualStudioVersion = 16.0.30517.126
MinimumVisualStudioVersion = 10.0.40219.1
Project("{FAE04EC0-301F-11D3-BF4B-00C04F79EFBC}") = "task3.3", "task3.3\task3.3.csproj", "{618D81C9-090D-4CD5-9187-A5A555EF8348}"
EndProject
Global
	GlobalSection(SolutionConfigurationPlatforms) = preSolution
		Debug|Any CPU = Debug|Any CPU
		Release|Any CPU = Release|Any CPU
	EndGlobalSection
	GlobalSection(ProjectConfigurationPlatforms) = postSolution
		{618D81C9-090D-4CD5-9187-A5A555EF8348}.Debug|Any CPU.ActiveCfg = Debug|Any CPU
		{618D81C9-090D-4CD5-9187-A5A555EF8348}.Debug|Any CPU.Build.0 = Debug|Any CPU
		{618D81C9-090D-4CD5-9187-A5A555EF8348}.Release|Any CPU.ActiveCfg = Release|Any CPU
		{618D81C9-090D-4CD5-9187-A5A555EF8348}.Release|Any CPU.Build.0 = Release|Any CPU
	EndGlobalSection
	GlobalSection(SolutionProperties) = preSolution
		HideSolutionNode = FALSE
	EndGlobalSection
	GlobalSection(ExtensibilityGlobals) = postSolution
		SolutionGuid = {8F779C4D-276E-400F-8CA9-BBB2319CA705}
	EndGlobalSection
EndGlobal
